// !$*UTF8*$!
{
	archiveVersion = 1;
	classes = {
	};
	objectVersion = 46;
	objects = {

/* Begin PBXBuildFile section */
		4AF66E1A1A776DDC002D5B76 /* AppDelegate.swift in Sources */ = {isa = PBXBuildFile; fileRef = 4AF66E191A776DDC002D5B76 /* AppDelegate.swift */; };
		4AF66E1C1A776DDC002D5B76 /* ViewController.swift in Sources */ = {isa = PBXBuildFile; fileRef = 4AF66E1B1A776DDC002D5B76 /* ViewController.swift */; };
		4AF66E1F1A776DDC002D5B76 /* Main.storyboard in Resources */ = {isa = PBXBuildFile; fileRef = 4AF66E1D1A776DDC002D5B76 /* Main.storyboard */; };
		4AF66E211A776DDC002D5B76 /* Images.xcassets in Resources */ = {isa = PBXBuildFile; fileRef = 4AF66E201A776DDC002D5B76 /* Images.xcassets */; };
		4AF66E241A776DDC002D5B76 /* LaunchScreen.xib in Resources */ = {isa = PBXBuildFile; fileRef = 4AF66E221A776DDC002D5B76 /* LaunchScreen.xib */; };
		4AF66E301A776DDC002D5B76 /* AudioPlayerTests.swift in Sources */ = {isa = PBXBuildFile; fileRef = 4AF66E2F1A776DDC002D5B76 /* AudioPlayerTests.swift */; };
/* End PBXBuildFile section */

/* Begin PBXContainerItemProxy section */
		4AF66E2A1A776DDC002D5B76 /* PBXContainerItemProxy */ = {
			isa = PBXContainerItemProxy;
			containerPortal = 4AF66E0C1A776DDC002D5B76 /* Project object */;
			proxyType = 1;
			remoteGlobalIDString = 4AF66E131A776DDC002D5B76;
			remoteInfo = AudioPlayer;
		};
/* End PBXContainerItemProxy section */

/* Begin PBXFileReference section */
		4AF66E141A776DDC002D5B76 /* AudioPlayer.app */ = {isa = PBXFileReference; explicitFileType = wrapper.application; includeInIndex = 0; path = AudioPlayer.app; sourceTree = BUILT_PRODUCTS_DIR; };
		4AF66E181A776DDC002D5B76 /* Info.plist */ = {isa = PBXFileReference; lastKnownFileType = text.plist.xml; path = Info.plist; sourceTree = "<group>"; };
		4AF66E191A776DDC002D5B76 /* AppDelegate.swift */ = {isa = PBXFileReference; lastKnownFileType = sourcecode.swift; path = AppDelegate.swift; sourceTree = "<group>"; };
		4AF66E1B1A776DDC002D5B76 /* ViewController.swift */ = {isa = PBXFileReference; lastKnownFileType = sourcecode.swift; path = ViewController.swift; sourceTree = "<group>"; };
		4AF66E1E1A776DDC002D5B76 /* Base */ = {isa = PBXFileReference; lastKnownFileType = file.storyboard; name = Base; path = Base.lproj/Main.storyboard; sourceTree = "<group>"; };
		4AF66E201A776DDC002D5B76 /* Images.xcassets */ = {isa = PBXFileReference; lastKnownFileType = folder.assetcatalog; path = Images.xcassets; sourceTree = "<group>"; };
		4AF66E231A776DDC002D5B76 /* Base */ = {isa = PBXFileReference; lastKnownFileType = file.xib; name = Base; path = Base.lproj/LaunchScreen.xib; sourceTree = "<group>"; };
		4AF66E291A776DDC002D5B76 /* AudioPlayerTests.xctest */ = {isa = PBXFileReference; explicitFileType = wrapper.cfbundle; includeInIndex = 0; path = AudioPlayerTests.xctest; sourceTree = BUILT_PRODUCTS_DIR; };
		4AF66E2E1A776DDC002D5B76 /* Info.plist */ = {isa = PBXFileReference; lastKnownFileType = text.plist.xml; path = Info.plist; sourceTree = "<group>"; };
		4AF66E2F1A776DDC002D5B76 /* AudioPlayerTests.swift */ = {isa = PBXFileReference; lastKnownFileType = sourcecode.swift; path = AudioPlayerTests.swift; sourceTree = "<group>"; };
/* End PBXFileReference section */

/* Begin PBXFrameworksBuildPhase section */
		4AF66E111A776DDC002D5B76 /* Frameworks */ = {
			isa = PBXFrameworksBuildPhase;
			buildActionMask = 2147483647;
			files = (
			);
			runOnlyForDeploymentPostprocessing = 0;
		};
		4AF66E261A776DDC002D5B76 /* Frameworks */ = {
			isa = PBXFrameworksBuildPhase;
			buildActionMask = 2147483647;
			files = (
			);
			runOnlyForDeploymentPostprocessing = 0;
		};
/* End PBXFrameworksBuildPhase section */

/* Begin PBXGroup section */
		4AF66E0B1A776DDC002D5B76 = {
			isa = PBXGroup;
			children = (
				4AF66E161A776DDC002D5B76 /* AudioPlayer */,
				4AF66E2C1A776DDC002D5B76 /* AudioPlayerTests */,
				4AF66E151A776DDC002D5B76 /* Products */,
			);
			sourceTree = "<group>";
		};
		4AF66E151A776DDC002D5B76 /* Products */ = {
			isa = PBXGroup;
			children = (
				4AF66E141A776DDC002D5B76 /* AudioPlayer.app */,
				4AF66E291A776DDC002D5B76 /* AudioPlayerTests.xctest */,
			);
			name = Products;
			sourceTree = "<group>";
		};
		4AF66E161A776DDC002D5B76 /* AudioPlayer */ = {
			isa = PBXGroup;
			children = (
				4AF66E191A776DDC002D5B76 /* AppDelegate.swift */,
				4AF66E1B1A776DDC002D5B76 /* ViewController.swift */,
				4AF66E1D1A776DDC002D5B76 /* Main.storyboard */,
				4AF66E201A776DDC002D5B76 /* Images.xcassets */,
				4AF66E221A776DDC002D5B76 /* LaunchScreen.xib */,
				4AF66E171A776DDC002D5B76 /* Supporting Files */,
			);
			path = AudioPlayer;
			sourceTree = "<group>";
		};
		4AF66E171A776DDC002D5B76 /* Supporting Files */ = {
			isa = PBXGroup;
			children = (
				4AF66E181A776DDC002D5B76 /* Info.plist */,
			);
			name = "Supporting Files";
			sourceTree = "<group>";
		};
		4AF66E2C1A776DDC002D5B76 /* AudioPlayerTests */ = {
			isa = PBXGroup;
			children = (
				4AF66E2F1A776DDC002D5B76 /* AudioPlayerTests.swift */,
				4AF66E2D1A776DDC002D5B76 /* Supporting Files */,
			);
			path = AudioPlayerTests;
			sourceTree = "<group>";
		};
		4AF66E2D1A776DDC002D5B76 /* Supporting Files */ = {
			isa = PBXGroup;
			children = (
				4AF66E2E1A776DDC002D5B76 /* Info.plist */,
			);
			name = "Supporting Files";
			sourceTree = "<group>";
		};
/* End PBXGroup section */

/* Begin PBXNativeTarget section */
		4AF66E131A776DDC002D5B76 /* AudioPlayer */ = {
			isa = PBXNativeTarget;
			buildConfigurationList = 4AF66E331A776DDC002D5B76 /* Build configuration list for PBXNativeTarget "AudioPlayer" */;
			buildPhases = (
				4AF66E101A776DDC002D5B76 /* Sources */,
				4AF66E111A776DDC002D5B76 /* Frameworks */,
				4AF66E121A776DDC002D5B76 /* Resources */,
			);
			buildRules = (
			);
			dependencies = (
			);
			name = AudioPlayer;
			productName = AudioPlayer;
			productReference = 4AF66E141A776DDC002D5B76 /* AudioPlayer.app */;
			productType = "com.apple.product-type.application";
		};
		4AF66E281A776DDC002D5B76 /* AudioPlayerTests */ = {
			isa = PBXNativeTarget;
			buildConfigurationList = 4AF66E361A776DDC002D5B76 /* Build configuration list for PBXNativeTarget "AudioPlayerTests" */;
			buildPhases = (
				4AF66E251A776DDC002D5B76 /* Sources */,
				4AF66E261A776DDC002D5B76 /* Frameworks */,
				4AF66E271A776DDC002D5B76 /* Resources */,
			);
			buildRules = (
			);
			dependencies = (
				4AF66E2B1A776DDC002D5B76 /* PBXTargetDependency */,
			);
			name = AudioPlayerTests;
			productName = AudioPlayerTests;
			productReference = 4AF66E291A776DDC002D5B76 /* AudioPlayerTests.xctest */;
			productType = "com.apple.product-type.bundle.unit-test";
		};
/* End PBXNativeTarget section */

/* Begin PBXProject section */
		4AF66E0C1A776DDC002D5B76 /* Project object */ = {
			isa = PBXProject;
			attributes = {
				LastUpgradeCheck = 0610;
				ORGANIZATIONNAME = "OZ Apps";
				TargetAttributes = {
					4AF66E131A776DDC002D5B76 = {
						CreatedOnToolsVersion = 6.1.1;
					};
					4AF66E281A776DDC002D5B76 = {
						CreatedOnToolsVersion = 6.1.1;
						TestTargetID = 4AF66E131A776DDC002D5B76;
					};
				};
			};
			buildConfigurationList = 4AF66E0F1A776DDC002D5B76 /* Build configuration list for PBXProject "AudioPlayer" */;
			compatibilityVersion = "Xcode 3.2";
			developmentRegion = English;
			hasScannedForEncodings = 0;
			knownRegions = (
				en,
				Base,
			);
			mainGroup = 4AF66E0B1A776DDC002D5B76;
			productRefGroup = 4AF66E151A776DDC002D5B76 /* Products */;
			projectDirPath = "";
			projectRoot = "";
			targets = (
				4AF66E131A776DDC002D5B76 /* AudioPlayer */,
				4AF66E281A776DDC002D5B76 /* AudioPlayerTests */,
			);
		};
/* End PBXProject section */

/* Begin PBXResourcesBuildPhase section */
		4AF66E121A776DDC002D5B76 /* Resources */ = {
			isa = PBXResourcesBuildPhase;
			buildActionMask = 2147483647;
			files = (
				4AF66E1F1A776DDC002D5B76 /* Main.storyboard in Resources */,
				4AF66E241A776DDC002D5B76 /* LaunchScreen.xib in Resources */,
				4AF66E211A776DDC002D5B76 /* Images.xcassets in Resources */,
			);
			runOnlyForDeploymentPostprocessing = 0;
		};
		4AF66E271A776DDC002D5B76 /* Resources */ = {
			isa = PBXResourcesBuildPhase;
			buildActionMask = 2147483647;
			files = (
			);
			runOnlyForDeploymentPostprocessing = 0;
		};
/* End PBXResourcesBuildPhase section */

/* Begin PBXSourcesBuildPhase section */
		4AF66E101A776DDC002D5B76 /* Sources */ = {
			isa = PBXSourcesBuildPhase;
			buildActionMask = 2147483647;
			files = (
				4AF66E1C1A776DDC002D5B76 /* ViewController.swift in Sources */,
				4AF66E1A1A776DDC002D5B76 /* AppDelegate.swift in Sources */,
			);
			runOnlyForDeploymentPostprocessing = 0;
		};
		4AF66E251A776DDC002D5B76 /* Sources */ = {
			isa = PBXSourcesBuildPhase;
			buildActionMask = 2147483647;
			files = (
				4AF66E301A776DDC002D5B76 /* AudioPlayerTests.swift in Sources */,
			);
			runOnlyForDeploymentPostprocessing = 0;
		};
/* End PBXSourcesBuildPhase section */

/* Begin PBXTargetDependency section */
		4AF66E2B1A776DDC002D5B76 /* PBXTargetDependency */ = {
			isa = PBXTargetDependency;
			target = 4AF66E131A776DDC002D5B76 /* AudioPlayer */;
			targetProxy = 4AF66E2A1A776DDC002D5B76 /* PBXContainerItemProxy */;
		};
/* End PBXTargetDependency section */

/* Begin PBXVariantGroup section */
		4AF66E1D1A776DDC002D5B76 /* Main.storyboard */ = {
			isa = PBXVariantGroup;
			children = (
				4AF66E1E1A776DDC002D5B76 /* Base */,
			);
			name = Main.storyboard;
			sourceTree = "<group>";
		};
		4AF66E221A776DDC002D5B76 /* LaunchScreen.xib */ = {
			isa = PBXVariantGroup;
			children = (
				4AF66E231A776DDC002D5B76 /* Base */,
			);
			name = LaunchScreen.xib;
			sourceTree = "<group>";
		};
/* End PBXVariantGroup section */

/* Begin XCBuildConfiguration section */
		4AF66E311A776DDC002D5B76 /* Debug */ = {
			isa = XCBuildConfiguration;
			buildSettings = {
				ALWAYS_SEARCH_USER_PATHS = NO;
				CLANG_CXX_LANGUAGE_STANDARD = "gnu++0x";
				CLANG_CXX_LIBRARY = "libc++";
				CLANG_ENABLE_MODULES = YES;
				CLANG_ENABLE_OBJC_ARC = YES;
				CLANG_WARN_BOOL_CONVERSION = YES;
				CLANG_WARN_CONSTANT_CONVERSION = YES;
				CLANG_WARN_DIRECT_OBJC_ISA_USAGE = YES_ERROR;
				CLANG_WARN_EMPTY_BODY = YES;
				CLANG_WARN_ENUM_CONVERSION = YES;
				CLANG_WARN_INT_CONVERSION = YES;
				CLANG_WARN_OBJC_ROOT_CLASS = YES_ERROR;
				CLANG_WARN_UNREACHABLE_CODE = YES;
				CLANG_WARN__DUPLICATE_METHOD_MATCH = YES;
				"CODE_SIGN_IDENTITY[sdk=iphoneos*]" = "iPhone Developer";
				COPY_PHASE_STRIP = NO;
				ENABLE_STRICT_OBJC_MSGSEND = YES;
				GCC_C_LANGUAGE_STANDARD = gnu99;
				GCC_DYNAMIC_NO_PIC = NO;
				GCC_OPTIMIZATION_LEVEL = 0;
				GCC_PREPROCESSOR_DEFINITIONS = (
					"DEBUG=1",
					"$(inherited)",
				);
				GCC_SYMBOLS_PRIVATE_EXTERN = NO;
				GCC_WARN_64_TO_32_BIT_CONVERSION = YES;
				GCC_WARN_ABOUT_RETURN_TYPE = YES_ERROR;
				GCC_WARN_UNDECLARED_SELECTOR = YES;
				GCC_WARN_UNINITIALIZED_AUTOS = YES_AGGRESSIVE;
				GCC_WARN_UNUSED_FUNCTION = YES;
				GCC_WARN_UNUSED_VARIABLE = YES;
				IPHONEOS_DEPLOYMENT_TARGET = 8.1;
				MTL_ENABLE_DEBUG_INFO = YES;
				ONLY_ACTIVE_ARCH = YES;
				SDKROOT = iphoneos;
				SWIFT_OPTIMIZATION_LEVEL = "-Onone";
			};
			name = Debug;
		};
		4AF66E321A776DDC002D5B76 /* Release */ = {
			isa = XCBuildConfiguration;
			buildSettings = {
				ALWAYS_SEARCH_USER_PATHS = NO;
				CLANG_CXX_LANGUAGE_STANDARD = "gnu++0x";
				CLANG_CXX_LIBRARY = "libc++";
				CLANG_ENABLE_MODULES = YES;
				CLANG_ENABLE_OBJC_ARC = YES;
				CLANG_WARN_BOOL_CONVERSION = YES;
				CLANG_WARN_CONSTANT_CONVERSION = YES;
				CLANG_WARN_DIRECT_OBJC_ISA_USAGE = YES_ERROR;
				CLANG_WARN_EMPTY_BODY = YES;
				CLANG_WARN_ENUM_CONVERSION = YES;
				CLANG_WARN_INT_CONVERSION = YES;
				CLANG_WARN_OBJC_ROOT_CLASS = YES_ERROR;
				CLANG_WARN_UNREACHABLE_CODE = YES;
				CLANG_WARN__DUPLICATE_METHOD_MATCH = YES;
				"CODE_SIGN_IDENTITY[sdk=iphoneos*]" = "iPhone Developer";
				COPY_PHASE_STRIP = YES;
				ENABLE_NS_ASSERTIONS = NO;
				ENABLE_STRICT_OBJC_MSGSEND = YES;
				GCC_C_LANGUAGE_STANDARD = gnu99;
				GCC_WARN_64_TO_32_BIT_CONVERSION = YES;
				GCC_WARN_ABOUT_RETURN_TYPE = YES_ERROR;
				GCC_WARN_UNDECLARED_SELECTOR = YES;
				GCC_WARN_UNINITIALIZED_AUTOS = YES_AGGRESSIVE;
				GCC_WARN_UNUSED_FUNCTION = YES;
				GCC_WARN_UNUSED_VARIABLE = YES;
				IPHONEOS_DEPLOYMENT_TARGET = 8.1;
				MTL_ENABLE_DEBUG_INFO = NO;
				SDKROOT = iphoneos;
				VALIDATE_PRODUCT = YES;
			};
			name = Release;
		};
		4AF66E341A776DDC002D5B76 /* Debug */ = {
			isa = XCBuildConfiguration;
			buildSettings = {
				ASSETCATALOG_COMPILER_APPICON_NAME = AppIcon;
				INFOPLIST_FILE = AudioPlayer/Info.plist;
				LD_RUNPATH_SEARCH_PATHS = "$(inherited) @executable_path/Frameworks";
				PRODUCT_NAME = "$(TARGET_NAME)";
			};
			name = Debug;
		};
		4AF66E351A776DDC002D5B76 /* Release */ = {
			isa = XCBuildConfiguration;
			buildSettings = {
				ASSETCATALOG_COMPILER_APPICON_NAME = AppIcon;
				INFOPLIST_FILE = AudioPlayer/Info.plist;
				LD_RUNPATH_SEARCH_PATHS = "$(inherited) @executable_path/Frameworks";
				PRODUCT_NAME = "$(TARGET_NAME)";
			};
			name = Release;
		};
		4AF66E371A776DDC002D5B76 /* Debug */ = {
			isa = XCBuildConfiguration;
			buildSettings = {
				BUNDLE_LOADER = "$(TEST_HOST)";
				FRAMEWORK_SEARCH_PATHS = (
					"$(SDKROOT)/Developer/Library/Frameworks",
					"$(inherited)",
				);
				GCC_PREPROCESSOR_DEFINITIONS = (
					"DEBUG=1",
					"$(inherited)",
				);
				INFOPLIST_FILE = AudioPlayerTests/Info.plist;
				LD_RUNPATH_SEARCH_PATHS = "$(inherited) @executable_path/Frameworks @loader_path/Frameworks";
				PRODUCT_NAME = "$(TARGET_NAME)";
				TEST_HOST = "$(BUILT_PRODUCTS_DIR)/AudioPlayer.app/AudioPlayer";
			};
			name = Debug;
		};
		4AF66E381A776DDC002D5B76 /* Release */ = {
			isa = XCBuildConfiguration;
			buildSettings = {
				BUNDLE_LOADER = "$(TEST_HOST)";
				FRAMEWORK_SEARCH_PATHS = (
					"$(SDKROOT)/Developer/Library/Frameworks",
					"$(inherited)",
				);
				INFOPLIST_FILE = AudioPlayerTests/Info.plist;
				LD_RUNPATH_SEARCH_PATHS = "$(inherited) @executable_path/Frameworks @loader_path/Frameworks";
				PRODUCT_NAME = "$(TARGET_NAME)";
				TEST_HOST = "$(BUILT_PRODUCTS_DIR)/AudioPlayer.app/AudioPlayer";
			};
			name = Release;
		};
/* End XCBuildConfiguration section */

/* Begin XCConfigurationList section */
		4AF66E0F1A776DDC002D5B76 /* Build configuration list for PBXProject "AudioPlayer" */ = {
			isa = XCConfigurationList;
			buildConfigurations = (
				4AF66E311A776DDC002D5B76 /* Debug */,
				4AF66E321A776DDC002D5B76 /* Release */,
			);
			defaultConfigurationIsVisible = 0;
			defaultConfigurationName = Release;
		};
		4AF66E331A776DDC002D5B76 /* Build configuration list for PBXNativeTarget "AudioPlayer" */ = {
			isa = XCConfigurationList;
			buildConfigurations = (
				4AF66E341A776DDC002D5B76 /* Debug */,
				4AF66E351A776DDC002D5B76 /* Release */,
			);
			defaultConfigurationIsVisible = 0;
			defaultConfigurationName = Release;
		};
		4AF66E361A776DDC002D5B76 /* Build configuration list for PBXNativeTarget "AudioPlayerTests" */ = {
			isa = XCConfigurationList;
			buildConfigurations = (
				4AF66E371A776DDC002D5B76 /* Debug */,
				4AF66E381A776DDC002D5B76 /* Release */,
			);
			defaultConfigurationIsVisible = 0;
			defaultConfigurationName = Release;
		};
/* End XCConfigurationList section */
	};
	rootObject = 4AF66E0C1A776DDC002D5B76 /* Project object */;
}
