// !$*UTF8*$!
{
	archiveVersion = 1;
	classes = {
	};
	objectVersion = 46;
	objects = {

/* Begin PBXBuildFile section */
		4A8B49E41A70EB7C0005D49E /* AppDelegate.swift in Sources */ = {isa = PBXBuildFile; fileRef = 4A8B49E31A70EB7C0005D49E /* AppDelegate.swift */; };
		4A8B49E61A70EB7C0005D49E /* ViewController.swift in Sources */ = {isa = PBXBuildFile; fileRef = 4A8B49E51A70EB7C0005D49E /* ViewController.swift */; };
		4A8B49E91A70EB7C0005D49E /* Main.storyboard in Resources */ = {isa = PBXBuildFile; fileRef = 4A8B49E71A70EB7C0005D49E /* Main.storyboard */; };
		4A8B49EB1A70EB7C0005D49E /* Images.xcassets in Resources */ = {isa = PBXBuildFile; fileRef = 4A8B49EA1A70EB7C0005D49E /* Images.xcassets */; };
		4A8B49EE1A70EB7C0005D49E /* LaunchScreen.xib in Resources */ = {isa = PBXBuildFile; fileRef = 4A8B49EC1A70EB7C0005D49E /* LaunchScreen.xib */; };
		4A8B49FA1A70EB7C0005D49E /* AVKitMediaPlayerTests.swift in Sources */ = {isa = PBXBuildFile; fileRef = 4A8B49F91A70EB7C0005D49E /* AVKitMediaPlayerTests.swift */; };
		4A8B4A041A70EE240005D49E /* PlayerViewController.swift in Sources */ = {isa = PBXBuildFile; fileRef = 4A8B4A031A70EE240005D49E /* PlayerViewController.swift */; };
		4A8B4A0D1A710E940005D49E /* stackofCards.mp4 in Resources */ = {isa = PBXBuildFile; fileRef = 4A8B4A0C1A710E750005D49E /* stackofCards.mp4 */; };
/* End PBXBuildFile section */

/* Begin PBXContainerItemProxy section */
		4A8B49F41A70EB7C0005D49E /* PBXContainerItemProxy */ = {
			isa = PBXContainerItemProxy;
			containerPortal = 4A8B49D61A70EB7C0005D49E /* Project object */;
			proxyType = 1;
			remoteGlobalIDString = 4A8B49DD1A70EB7C0005D49E;
			remoteInfo = AVKitMediaPlayer;
		};
/* End PBXContainerItemProxy section */

/* Begin PBXFileReference section */
		4A8B49DE1A70EB7C0005D49E /* AVKitMediaPlayer.app */ = {isa = PBXFileReference; explicitFileType = wrapper.application; includeInIndex = 0; path = AVKitMediaPlayer.app; sourceTree = BUILT_PRODUCTS_DIR; };
		4A8B49E21A70EB7C0005D49E /* Info.plist */ = {isa = PBXFileReference; lastKnownFileType = text.plist.xml; path = Info.plist; sourceTree = "<group>"; };
		4A8B49E31A70EB7C0005D49E /* AppDelegate.swift */ = {isa = PBXFileReference; lastKnownFileType = sourcecode.swift; path = AppDelegate.swift; sourceTree = "<group>"; };
		4A8B49E51A70EB7C0005D49E /* ViewController.swift */ = {isa = PBXFileReference; lastKnownFileType = sourcecode.swift; path = ViewController.swift; sourceTree = "<group>"; };
		4A8B49E81A70EB7C0005D49E /* Base */ = {isa = PBXFileReference; lastKnownFileType = file.storyboard; name = Base; path = Base.lproj/Main.storyboard; sourceTree = "<group>"; };
		4A8B49EA1A70EB7C0005D49E /* Images.xcassets */ = {isa = PBXFileReference; lastKnownFileType = folder.assetcatalog; path = Images.xcassets; sourceTree = "<group>"; };
		4A8B49ED1A70EB7C0005D49E /* Base */ = {isa = PBXFileReference; lastKnownFileType = file.xib; name = Base; path = Base.lproj/LaunchScreen.xib; sourceTree = "<group>"; };
		4A8B49F31A70EB7C0005D49E /* AVKitMediaPlayerTests.xctest */ = {isa = PBXFileReference; explicitFileType = wrapper.cfbundle; includeInIndex = 0; path = AVKitMediaPlayerTests.xctest; sourceTree = BUILT_PRODUCTS_DIR; };
		4A8B49F81A70EB7C0005D49E /* Info.plist */ = {isa = PBXFileReference; lastKnownFileType = text.plist.xml; path = Info.plist; sourceTree = "<group>"; };
		4A8B49F91A70EB7C0005D49E /* AVKitMediaPlayerTests.swift */ = {isa = PBXFileReference; lastKnownFileType = sourcecode.swift; path = AVKitMediaPlayerTests.swift; sourceTree = "<group>"; };
		4A8B4A031A70EE240005D49E /* PlayerViewController.swift */ = {isa = PBXFileReference; fileEncoding = 4; lastKnownFileType = sourcecode.swift; path = PlayerViewController.swift; sourceTree = "<group>"; };
		4A8B4A0C1A710E750005D49E /* stackofCards.mp4 */ = {isa = PBXFileReference; lastKnownFileType = file; path = stackofCards.mp4; sourceTree = "<group>"; };
/* End PBXFileReference section */

/* Begin PBXFrameworksBuildPhase section */
		4A8B49DB1A70EB7C0005D49E /* Frameworks */ = {
			isa = PBXFrameworksBuildPhase;
			buildActionMask = 2147483647;
			files = (
			);
			runOnlyForDeploymentPostprocessing = 0;
		};
		4A8B49F01A70EB7C0005D49E /* Frameworks */ = {
			isa = PBXFrameworksBuildPhase;
			buildActionMask = 2147483647;
			files = (
			);
			runOnlyForDeploymentPostprocessing = 0;
		};
/* End PBXFrameworksBuildPhase section */

/* Begin PBXGroup section */
		4A8B49D51A70EB7C0005D49E = {
			isa = PBXGroup;
			children = (
				4A8B49E01A70EB7C0005D49E /* AVKitMediaPlayer */,
				4A8B49F61A70EB7C0005D49E /* AVKitMediaPlayerTests */,
				4A8B49DF1A70EB7C0005D49E /* Products */,
			);
			sourceTree = "<group>";
		};
		4A8B49DF1A70EB7C0005D49E /* Products */ = {
			isa = PBXGroup;
			children = (
				4A8B49DE1A70EB7C0005D49E /* AVKitMediaPlayer.app */,
				4A8B49F31A70EB7C0005D49E /* AVKitMediaPlayerTests.xctest */,
			);
			name = Products;
			sourceTree = "<group>";
		};
		4A8B49E01A70EB7C0005D49E /* AVKitMediaPlayer */ = {
			isa = PBXGroup;
			children = (
				4A8B4A0C1A710E750005D49E /* stackofCards.mp4 */,
				4A8B49E31A70EB7C0005D49E /* AppDelegate.swift */,
				4A8B49E51A70EB7C0005D49E /* ViewController.swift */,
				4A8B4A031A70EE240005D49E /* PlayerViewController.swift */,
				4A8B49E71A70EB7C0005D49E /* Main.storyboard */,
				4A8B49EA1A70EB7C0005D49E /* Images.xcassets */,
				4A8B49EC1A70EB7C0005D49E /* LaunchScreen.xib */,
				4A8B49E11A70EB7C0005D49E /* Supporting Files */,
			);
			path = AVKitMediaPlayer;
			sourceTree = "<group>";
		};
		4A8B49E11A70EB7C0005D49E /* Supporting Files */ = {
			isa = PBXGroup;
			children = (
				4A8B49E21A70EB7C0005D49E /* Info.plist */,
			);
			name = "Supporting Files";
			sourceTree = "<group>";
		};
		4A8B49F61A70EB7C0005D49E /* AVKitMediaPlayerTests */ = {
			isa = PBXGroup;
			children = (
				4A8B49F91A70EB7C0005D49E /* AVKitMediaPlayerTests.swift */,
				4A8B49F71A70EB7C0005D49E /* Supporting Files */,
			);
			path = AVKitMediaPlayerTests;
			sourceTree = "<group>";
		};
		4A8B49F71A70EB7C0005D49E /* Supporting Files */ = {
			isa = PBXGroup;
			children = (
				4A8B49F81A70EB7C0005D49E /* Info.plist */,
			);
			name = "Supporting Files";
			sourceTree = "<group>";
		};
/* End PBXGroup section */

/* Begin PBXNativeTarget section */
		4A8B49DD1A70EB7C0005D49E /* AVKitMediaPlayer */ = {
			isa = PBXNativeTarget;
			buildConfigurationList = 4A8B49FD1A70EB7C0005D49E /* Build configuration list for PBXNativeTarget "AVKitMediaPlayer" */;
			buildPhases = (
				4A8B49DA1A70EB7C0005D49E /* Sources */,
				4A8B49DB1A70EB7C0005D49E /* Frameworks */,
				4A8B49DC1A70EB7C0005D49E /* Resources */,
			);
			buildRules = (
			);
			dependencies = (
			);
			name = AVKitMediaPlayer;
			productName = AVKitMediaPlayer;
			productReference = 4A8B49DE1A70EB7C0005D49E /* AVKitMediaPlayer.app */;
			productType = "com.apple.product-type.application";
		};
		4A8B49F21A70EB7C0005D49E /* AVKitMediaPlayerTests */ = {
			isa = PBXNativeTarget;
			buildConfigurationList = 4A8B4A001A70EB7C0005D49E /* Build configuration list for PBXNativeTarget "AVKitMediaPlayerTests" */;
			buildPhases = (
				4A8B49EF1A70EB7C0005D49E /* Sources */,
				4A8B49F01A70EB7C0005D49E /* Frameworks */,
				4A8B49F11A70EB7C0005D49E /* Resources */,
			);
			buildRules = (
			);
			dependencies = (
				4A8B49F51A70EB7C0005D49E /* PBXTargetDependency */,
			);
			name = AVKitMediaPlayerTests;
			productName = AVKitMediaPlayerTests;
			productReference = 4A8B49F31A70EB7C0005D49E /* AVKitMediaPlayerTests.xctest */;
			productType = "com.apple.product-type.bundle.unit-test";
		};
/* End PBXNativeTarget section */

/* Begin PBXProject section */
		4A8B49D61A70EB7C0005D49E /* Project object */ = {
			isa = PBXProject;
			attributes = {
				LastUpgradeCheck = 0610;
				ORGANIZATIONNAME = "OZ Apps";
				TargetAttributes = {
					4A8B49DD1A70EB7C0005D49E = {
						CreatedOnToolsVersion = 6.1.1;
					};
					4A8B49F21A70EB7C0005D49E = {
						CreatedOnToolsVersion = 6.1.1;
						TestTargetID = 4A8B49DD1A70EB7C0005D49E;
					};
				};
			};
			buildConfigurationList = 4A8B49D91A70EB7C0005D49E /* Build configuration list for PBXProject "AVKitMediaPlayer" */;
			compatibilityVersion = "Xcode 3.2";
			developmentRegion = English;
			hasScannedForEncodings = 0;
			knownRegions = (
				en,
				Base,
			);
			mainGroup = 4A8B49D51A70EB7C0005D49E;
			productRefGroup = 4A8B49DF1A70EB7C0005D49E /* Products */;
			projectDirPath = "";
			projectRoot = "";
			targets = (
				4A8B49DD1A70EB7C0005D49E /* AVKitMediaPlayer */,
				4A8B49F21A70EB7C0005D49E /* AVKitMediaPlayerTests */,
			);
		};
/* End PBXProject section */

/* Begin PBXResourcesBuildPhase section */
		4A8B49DC1A70EB7C0005D49E /* Resources */ = {
			isa = PBXResourcesBuildPhase;
			buildActionMask = 2147483647;
			files = (
				4A8B4A0D1A710E940005D49E /* stackofCards.mp4 in Resources */,
				4A8B49E91A70EB7C0005D49E /* Main.storyboard in Resources */,
				4A8B49EE1A70EB7C0005D49E /* LaunchScreen.xib in Resources */,
				4A8B49EB1A70EB7C0005D49E /* Images.xcassets in Resources */,
			);
			runOnlyForDeploymentPostprocessing = 0;
		};
		4A8B49F11A70EB7C0005D49E /* Resources */ = {
			isa = PBXResourcesBuildPhase;
			buildActionMask = 2147483647;
			files = (
			);
			runOnlyForDeploymentPostprocessing = 0;
		};
/* End PBXResourcesBuildPhase section */

/* Begin PBXSourcesBuildPhase section */
		4A8B49DA1A70EB7C0005D49E /* Sources */ = {
			isa = PBXSourcesBuildPhase;
			buildActionMask = 2147483647;
			files = (
				4A8B49E61A70EB7C0005D49E /* ViewController.swift in Sources */,
				4A8B49E41A70EB7C0005D49E /* AppDelegate.swift in Sources */,
				4A8B4A041A70EE240005D49E /* PlayerViewController.swift in Sources */,
			);
			runOnlyForDeploymentPostprocessing = 0;
		};
		4A8B49EF1A70EB7C0005D49E /* Sources */ = {
			isa = PBXSourcesBuildPhase;
			buildActionMask = 2147483647;
			files = (
				4A8B49FA1A70EB7C0005D49E /* AVKitMediaPlayerTests.swift in Sources */,
			);
			runOnlyForDeploymentPostprocessing = 0;
		};
/* End PBXSourcesBuildPhase section */

/* Begin PBXTargetDependency section */
		4A8B49F51A70EB7C0005D49E /* PBXTargetDependency */ = {
			isa = PBXTargetDependency;
			target = 4A8B49DD1A70EB7C0005D49E /* AVKitMediaPlayer */;
			targetProxy = 4A8B49F41A70EB7C0005D49E /* PBXContainerItemProxy */;
		};
/* End PBXTargetDependency section */

/* Begin PBXVariantGroup section */
		4A8B49E71A70EB7C0005D49E /* Main.storyboard */ = {
			isa = PBXVariantGroup;
			children = (
				4A8B49E81A70EB7C0005D49E /* Base */,
			);
			name = Main.storyboard;
			sourceTree = "<group>";
		};
		4A8B49EC1A70EB7C0005D49E /* LaunchScreen.xib */ = {
			isa = PBXVariantGroup;
			children = (
				4A8B49ED1A70EB7C0005D49E /* Base */,
			);
			name = LaunchScreen.xib;
			sourceTree = "<group>";
		};
/* End PBXVariantGroup section */

/* Begin XCBuildConfiguration section */
		4A8B49FB1A70EB7C0005D49E /* Debug */ = {
			isa = XCBuildConfiguration;
			buildSettings = {
				ALWAYS_SEARCH_USER_PATHS = NO;
				CLANG_CXX_LANGUAGE_STANDARD = "gnu++0x";
				CLANG_CXX_LIBRARY = "libc++";
				CLANG_ENABLE_MODULES = YES;
				CLANG_ENABLE_OBJC_ARC = YES;
				CLANG_WARN_BOOL_CONVERSION = YES;
				CLANG_WARN_CONSTANT_CONVERSION = YES;
				CLANG_WARN_DIRECT_OBJC_ISA_USAGE = YES_ERROR;
				CLANG_WARN_EMPTY_BODY = YES;
				CLANG_WARN_ENUM_CONVERSION = YES;
				CLANG_WARN_INT_CONVERSION = YES;
				CLANG_WARN_OBJC_ROOT_CLASS = YES_ERROR;
				CLANG_WARN_UNREACHABLE_CODE = YES;
				CLANG_WARN__DUPLICATE_METHOD_MATCH = YES;
				"CODE_SIGN_IDENTITY[sdk=iphoneos*]" = "iPhone Developer";
				COPY_PHASE_STRIP = NO;
				ENABLE_STRICT_OBJC_MSGSEND = YES;
				GCC_C_LANGUAGE_STANDARD = gnu99;
				GCC_DYNAMIC_NO_PIC = NO;
				GCC_OPTIMIZATION_LEVEL = 0;
				GCC_PREPROCESSOR_DEFINITIONS = (
					"DEBUG=1",
					"$(inherited)",
				);
				GCC_SYMBOLS_PRIVATE_EXTERN = NO;
				GCC_WARN_64_TO_32_BIT_CONVERSION = YES;
				GCC_WARN_ABOUT_RETURN_TYPE = YES_ERROR;
				GCC_WARN_UNDECLARED_SELECTOR = YES;
				GCC_WARN_UNINITIALIZED_AUTOS = YES_AGGRESSIVE;
				GCC_WARN_UNUSED_FUNCTION = YES;
				GCC_WARN_UNUSED_VARIABLE = YES;
				IPHONEOS_DEPLOYMENT_TARGET = 8.1;
				MTL_ENABLE_DEBUG_INFO = YES;
				ONLY_ACTIVE_ARCH = YES;
				SDKROOT = iphoneos;
				SWIFT_OPTIMIZATION_LEVEL = "-Onone";
			};
			name = Debug;
		};
		4A8B49FC1A70EB7C0005D49E /* Release */ = {
			isa = XCBuildConfiguration;
			buildSettings = {
				ALWAYS_SEARCH_USER_PATHS = NO;
				CLANG_CXX_LANGUAGE_STANDARD = "gnu++0x";
				CLANG_CXX_LIBRARY = "libc++";
				CLANG_ENABLE_MODULES = YES;
				CLANG_ENABLE_OBJC_ARC = YES;
				CLANG_WARN_BOOL_CONVERSION = YES;
				CLANG_WARN_CONSTANT_CONVERSION = YES;
				CLANG_WARN_DIRECT_OBJC_ISA_USAGE = YES_ERROR;
				CLANG_WARN_EMPTY_BODY = YES;
				CLANG_WARN_ENUM_CONVERSION = YES;
				CLANG_WARN_INT_CONVERSION = YES;
				CLANG_WARN_OBJC_ROOT_CLASS = YES_ERROR;
				CLANG_WARN_UNREACHABLE_CODE = YES;
				CLANG_WARN__DUPLICATE_METHOD_MATCH = YES;
				"CODE_SIGN_IDENTITY[sdk=iphoneos*]" = "iPhone Developer";
				COPY_PHASE_STRIP = YES;
				ENABLE_NS_ASSERTIONS = NO;
				ENABLE_STRICT_OBJC_MSGSEND = YES;
				GCC_C_LANGUAGE_STANDARD = gnu99;
				GCC_WARN_64_TO_32_BIT_CONVERSION = YES;
				GCC_WARN_ABOUT_RETURN_TYPE = YES_ERROR;
				GCC_WARN_UNDECLARED_SELECTOR = YES;
				GCC_WARN_UNINITIALIZED_AUTOS = YES_AGGRESSIVE;
				GCC_WARN_UNUSED_FUNCTION = YES;
				GCC_WARN_UNUSED_VARIABLE = YES;
				IPHONEOS_DEPLOYMENT_TARGET = 8.1;
				MTL_ENABLE_DEBUG_INFO = NO;
				SDKROOT = iphoneos;
				VALIDATE_PRODUCT = YES;
			};
			name = Release;
		};
		4A8B49FE1A70EB7C0005D49E /* Debug */ = {
			isa = XCBuildConfiguration;
			buildSettings = {
				ASSETCATALOG_COMPILER_APPICON_NAME = AppIcon;
				INFOPLIST_FILE = AVKitMediaPlayer/Info.plist;
				LD_RUNPATH_SEARCH_PATHS = "$(inherited) @executable_path/Frameworks";
				PRODUCT_NAME = "$(TARGET_NAME)";
			};
			name = Debug;
		};
		4A8B49FF1A70EB7C0005D49E /* Release */ = {
			isa = XCBuildConfiguration;
			buildSettings = {
				ASSETCATALOG_COMPILER_APPICON_NAME = AppIcon;
				INFOPLIST_FILE = AVKitMediaPlayer/Info.plist;
				LD_RUNPATH_SEARCH_PATHS = "$(inherited) @executable_path/Frameworks";
				PRODUCT_NAME = "$(TARGET_NAME)";
			};
			name = Release;
		};
		4A8B4A011A70EB7C0005D49E /* Debug */ = {
			isa = XCBuildConfiguration;
			buildSettings = {
				BUNDLE_LOADER = "$(TEST_HOST)";
				FRAMEWORK_SEARCH_PATHS = (
					"$(SDKROOT)/Developer/Library/Frameworks",
					"$(inherited)",
				);
				GCC_PREPROCESSOR_DEFINITIONS = (
					"DEBUG=1",
					"$(inherited)",
				);
				INFOPLIST_FILE = AVKitMediaPlayerTests/Info.plist;
				LD_RUNPATH_SEARCH_PATHS = "$(inherited) @executable_path/Frameworks @loader_path/Frameworks";
				PRODUCT_NAME = "$(TARGET_NAME)";
				TEST_HOST = "$(BUILT_PRODUCTS_DIR)/AVKitMediaPlayer.app/AVKitMediaPlayer";
			};
			name = Debug;
		};
		4A8B4A021A70EB7C0005D49E /* Release */ = {
			isa = XCBuildConfiguration;
			buildSettings = {
				BUNDLE_LOADER = "$(TEST_HOST)";
				FRAMEWORK_SEARCH_PATHS = (
					"$(SDKROOT)/Developer/Library/Frameworks",
					"$(inherited)",
				);
				INFOPLIST_FILE = AVKitMediaPlayerTests/Info.plist;
				LD_RUNPATH_SEARCH_PATHS = "$(inherited) @executable_path/Frameworks @loader_path/Frameworks";
				PRODUCT_NAME = "$(TARGET_NAME)";
				TEST_HOST = "$(BUILT_PRODUCTS_DIR)/AVKitMediaPlayer.app/AVKitMediaPlayer";
			};
			name = Release;
		};
/* End XCBuildConfiguration section */

/* Begin XCConfigurationList section */
		4A8B49D91A70EB7C0005D49E /* Build configuration list for PBXProject "AVKitMediaPlayer" */ = {
			isa = XCConfigurationList;
			buildConfigurations = (
				4A8B49FB1A70EB7C0005D49E /* Debug */,
				4A8B49FC1A70EB7C0005D49E /* Release */,
			);
			defaultConfigurationIsVisible = 0;
			defaultConfigurationName = Release;
		};
		4A8B49FD1A70EB7C0005D49E /* Build configuration list for PBXNativeTarget "AVKitMediaPlayer" */ = {
			isa = XCConfigurationList;
			buildConfigurations = (
				4A8B49FE1A70EB7C0005D49E /* Debug */,
				4A8B49FF1A70EB7C0005D49E /* Release */,
			);
			defaultConfigurationIsVisible = 0;
			defaultConfigurationName = Release;
		};
		4A8B4A001A70EB7C0005D49E /* Build configuration list for PBXNativeTarget "AVKitMediaPlayerTests" */ = {
			isa = XCConfigurationList;
			buildConfigurations = (
				4A8B4A011A70EB7C0005D49E /* Debug */,
				4A8B4A021A70EB7C0005D49E /* Release */,
			);
			defaultConfigurationIsVisible = 0;
			defaultConfigurationName = Release;
		};
/* End XCConfigurationList section */
	};
	rootObject = 4A8B49D61A70EB7C0005D49E /* Project object */;
}
