// !$*UTF8*$!
{
	archiveVersion = 1;
	classes = {
	};
	objectVersion = 46;
	objects = {

/* Begin PBXBuildFile section */
		4A8B9D221A282CB300EF7677 /* AppDelegate.swift in Sources */ = {isa = PBXBuildFile; fileRef = 4A8B9D211A282CB300EF7677 /* AppDelegate.swift */; };
		4A8B9D251A282CB300EF7677 /* DebugTest.xcdatamodeld in Sources */ = {isa = PBXBuildFile; fileRef = 4A8B9D231A282CB300EF7677 /* DebugTest.xcdatamodeld */; };
		4A8B9D271A282CB300EF7677 /* MasterViewController.swift in Sources */ = {isa = PBXBuildFile; fileRef = 4A8B9D261A282CB300EF7677 /* MasterViewController.swift */; };
		4A8B9D291A282CB300EF7677 /* DetailViewController.swift in Sources */ = {isa = PBXBuildFile; fileRef = 4A8B9D281A282CB300EF7677 /* DetailViewController.swift */; };
		4A8B9D2C1A282CB300EF7677 /* Main.storyboard in Resources */ = {isa = PBXBuildFile; fileRef = 4A8B9D2A1A282CB300EF7677 /* Main.storyboard */; };
		4A8B9D2E1A282CB300EF7677 /* Images.xcassets in Resources */ = {isa = PBXBuildFile; fileRef = 4A8B9D2D1A282CB300EF7677 /* Images.xcassets */; };
		4A8B9D311A282CB300EF7677 /* LaunchScreen.xib in Resources */ = {isa = PBXBuildFile; fileRef = 4A8B9D2F1A282CB300EF7677 /* LaunchScreen.xib */; };
		4A8B9D3D1A282CB300EF7677 /* DebugTestTests.swift in Sources */ = {isa = PBXBuildFile; fileRef = 4A8B9D3C1A282CB300EF7677 /* DebugTestTests.swift */; };
		4A8B9D471A282E5500EF7677 /* DebugMe.swift in Sources */ = {isa = PBXBuildFile; fileRef = 4A8B9D461A282E5500EF7677 /* DebugMe.swift */; };
		4A8B9D491A282F3E00EF7677 /* DebugMeTests.swift in Sources */ = {isa = PBXBuildFile; fileRef = 4A8B9D481A282F3E00EF7677 /* DebugMeTests.swift */; };
/* End PBXBuildFile section */

/* Begin PBXContainerItemProxy section */
		4A8B9D371A282CB300EF7677 /* PBXContainerItemProxy */ = {
			isa = PBXContainerItemProxy;
			containerPortal = 4A8B9D141A282CB300EF7677 /* Project object */;
			proxyType = 1;
			remoteGlobalIDString = 4A8B9D1B1A282CB300EF7677;
			remoteInfo = DebugTest;
		};
/* End PBXContainerItemProxy section */

/* Begin PBXFileReference section */
		4A8B9D1C1A282CB300EF7677 /* DebugTest.app */ = {isa = PBXFileReference; explicitFileType = wrapper.application; includeInIndex = 0; path = DebugTest.app; sourceTree = BUILT_PRODUCTS_DIR; };
		4A8B9D201A282CB300EF7677 /* Info.plist */ = {isa = PBXFileReference; lastKnownFileType = text.plist.xml; path = Info.plist; sourceTree = "<group>"; };
		4A8B9D211A282CB300EF7677 /* AppDelegate.swift */ = {isa = PBXFileReference; lastKnownFileType = sourcecode.swift; path = AppDelegate.swift; sourceTree = "<group>"; };
		4A8B9D241A282CB300EF7677 /* DebugTest.xcdatamodel */ = {isa = PBXFileReference; lastKnownFileType = wrapper.xcdatamodel; path = DebugTest.xcdatamodel; sourceTree = "<group>"; };
		4A8B9D261A282CB300EF7677 /* MasterViewController.swift */ = {isa = PBXFileReference; lastKnownFileType = sourcecode.swift; path = MasterViewController.swift; sourceTree = "<group>"; };
		4A8B9D281A282CB300EF7677 /* DetailViewController.swift */ = {isa = PBXFileReference; lastKnownFileType = sourcecode.swift; path = DetailViewController.swift; sourceTree = "<group>"; };
		4A8B9D2B1A282CB300EF7677 /* Base */ = {isa = PBXFileReference; lastKnownFileType = file.storyboard; name = Base; path = Base.lproj/Main.storyboard; sourceTree = "<group>"; };
		4A8B9D2D1A282CB300EF7677 /* Images.xcassets */ = {isa = PBXFileReference; lastKnownFileType = folder.assetcatalog; path = Images.xcassets; sourceTree = "<group>"; };
		4A8B9D301A282CB300EF7677 /* Base */ = {isa = PBXFileReference; lastKnownFileType = file.xib; name = Base; path = Base.lproj/LaunchScreen.xib; sourceTree = "<group>"; };
		4A8B9D361A282CB300EF7677 /* DebugTestTests.xctest */ = {isa = PBXFileReference; explicitFileType = wrapper.cfbundle; includeInIndex = 0; path = DebugTestTests.xctest; sourceTree = BUILT_PRODUCTS_DIR; };
		4A8B9D3B1A282CB300EF7677 /* Info.plist */ = {isa = PBXFileReference; lastKnownFileType = text.plist.xml; path = Info.plist; sourceTree = "<group>"; };
		4A8B9D3C1A282CB300EF7677 /* DebugTestTests.swift */ = {isa = PBXFileReference; lastKnownFileType = sourcecode.swift; path = DebugTestTests.swift; sourceTree = "<group>"; };
		4A8B9D461A282E5500EF7677 /* DebugMe.swift */ = {isa = PBXFileReference; fileEncoding = 4; lastKnownFileType = sourcecode.swift; name = DebugMe.swift; path = ../DebugTest/DebugMe.swift; sourceTree = "<group>"; };
		4A8B9D481A282F3E00EF7677 /* DebugMeTests.swift */ = {isa = PBXFileReference; fileEncoding = 4; lastKnownFileType = sourcecode.swift; path = DebugMeTests.swift; sourceTree = "<group>"; };
/* End PBXFileReference section */

/* Begin PBXFrameworksBuildPhase section */
		4A8B9D191A282CB300EF7677 /* Frameworks */ = {
			isa = PBXFrameworksBuildPhase;
			buildActionMask = 2147483647;
			files = (
			);
			runOnlyForDeploymentPostprocessing = 0;
		};
		4A8B9D331A282CB300EF7677 /* Frameworks */ = {
			isa = PBXFrameworksBuildPhase;
			buildActionMask = 2147483647;
			files = (
			);
			runOnlyForDeploymentPostprocessing = 0;
		};
/* End PBXFrameworksBuildPhase section */

/* Begin PBXGroup section */
		4A8B9D131A282CB300EF7677 = {
			isa = PBXGroup;
			children = (
				4A8B9D1E1A282CB300EF7677 /* DebugTest */,
				4A8B9D391A282CB300EF7677 /* DebugTestTests */,
				4A8B9D1D1A282CB300EF7677 /* Products */,
			);
			sourceTree = "<group>";
		};
		4A8B9D1D1A282CB300EF7677 /* Products */ = {
			isa = PBXGroup;
			children = (
				4A8B9D1C1A282CB300EF7677 /* DebugTest.app */,
				4A8B9D361A282CB300EF7677 /* DebugTestTests.xctest */,
			);
			name = Products;
			sourceTree = "<group>";
		};
		4A8B9D1E1A282CB300EF7677 /* DebugTest */ = {
			isa = PBXGroup;
			children = (
				4A8B9D211A282CB300EF7677 /* AppDelegate.swift */,
				4A8B9D261A282CB300EF7677 /* MasterViewController.swift */,
				4A8B9D281A282CB300EF7677 /* DetailViewController.swift */,
				4A8B9D2A1A282CB300EF7677 /* Main.storyboard */,
				4A8B9D2D1A282CB300EF7677 /* Images.xcassets */,
				4A8B9D2F1A282CB300EF7677 /* LaunchScreen.xib */,
				4A8B9D231A282CB300EF7677 /* DebugTest.xcdatamodeld */,
				4A8B9D1F1A282CB300EF7677 /* Supporting Files */,
			);
			path = DebugTest;
			sourceTree = "<group>";
		};
		4A8B9D1F1A282CB300EF7677 /* Supporting Files */ = {
			isa = PBXGroup;
			children = (
				4A8B9D201A282CB300EF7677 /* Info.plist */,
			);
			name = "Supporting Files";
			sourceTree = "<group>";
		};
		4A8B9D391A282CB300EF7677 /* DebugTestTests */ = {
			isa = PBXGroup;
			children = (
				4A8B9D461A282E5500EF7677 /* DebugMe.swift */,
				4A8B9D3C1A282CB300EF7677 /* DebugTestTests.swift */,
				4A8B9D3A1A282CB300EF7677 /* Supporting Files */,
				4A8B9D481A282F3E00EF7677 /* DebugMeTests.swift */,
			);
			path = DebugTestTests;
			sourceTree = "<group>";
		};
		4A8B9D3A1A282CB300EF7677 /* Supporting Files */ = {
			isa = PBXGroup;
			children = (
				4A8B9D3B1A282CB300EF7677 /* Info.plist */,
			);
			name = "Supporting Files";
			sourceTree = "<group>";
		};
/* End PBXGroup section */

/* Begin PBXNativeTarget section */
		4A8B9D1B1A282CB300EF7677 /* DebugTest */ = {
			isa = PBXNativeTarget;
			buildConfigurationList = 4A8B9D401A282CB300EF7677 /* Build configuration list for PBXNativeTarget "DebugTest" */;
			buildPhases = (
				4A8B9D181A282CB300EF7677 /* Sources */,
				4A8B9D191A282CB300EF7677 /* Frameworks */,
				4A8B9D1A1A282CB300EF7677 /* Resources */,
			);
			buildRules = (
			);
			dependencies = (
			);
			name = DebugTest;
			productName = DebugTest;
			productReference = 4A8B9D1C1A282CB300EF7677 /* DebugTest.app */;
			productType = "com.apple.product-type.application";
		};
		4A8B9D351A282CB300EF7677 /* DebugTestTests */ = {
			isa = PBXNativeTarget;
			buildConfigurationList = 4A8B9D431A282CB300EF7677 /* Build configuration list for PBXNativeTarget "DebugTestTests" */;
			buildPhases = (
				4A8B9D321A282CB300EF7677 /* Sources */,
				4A8B9D331A282CB300EF7677 /* Frameworks */,
				4A8B9D341A282CB300EF7677 /* Resources */,
			);
			buildRules = (
			);
			dependencies = (
				4A8B9D381A282CB300EF7677 /* PBXTargetDependency */,
			);
			name = DebugTestTests;
			productName = DebugTestTests;
			productReference = 4A8B9D361A282CB300EF7677 /* DebugTestTests.xctest */;
			productType = "com.apple.product-type.bundle.unit-test";
		};
/* End PBXNativeTarget section */

/* Begin PBXProject section */
		4A8B9D141A282CB300EF7677 /* Project object */ = {
			isa = PBXProject;
			attributes = {
				LastUpgradeCheck = 0610;
				ORGANIZATIONNAME = "OZ Apps";
				TargetAttributes = {
					4A8B9D1B1A282CB300EF7677 = {
						CreatedOnToolsVersion = 6.1;
					};
					4A8B9D351A282CB300EF7677 = {
						CreatedOnToolsVersion = 6.1;
						TestTargetID = 4A8B9D1B1A282CB300EF7677;
					};
				};
			};
			buildConfigurationList = 4A8B9D171A282CB300EF7677 /* Build configuration list for PBXProject "DebugTest" */;
			compatibilityVersion = "Xcode 3.2";
			developmentRegion = English;
			hasScannedForEncodings = 0;
			knownRegions = (
				en,
				Base,
			);
			mainGroup = 4A8B9D131A282CB300EF7677;
			productRefGroup = 4A8B9D1D1A282CB300EF7677 /* Products */;
			projectDirPath = "";
			projectRoot = "";
			targets = (
				4A8B9D1B1A282CB300EF7677 /* DebugTest */,
				4A8B9D351A282CB300EF7677 /* DebugTestTests */,
			);
		};
/* End PBXProject section */

/* Begin PBXResourcesBuildPhase section */
		4A8B9D1A1A282CB300EF7677 /* Resources */ = {
			isa = PBXResourcesBuildPhase;
			buildActionMask = 2147483647;
			files = (
				4A8B9D2C1A282CB300EF7677 /* Main.storyboard in Resources */,
				4A8B9D311A282CB300EF7677 /* LaunchScreen.xib in Resources */,
				4A8B9D2E1A282CB300EF7677 /* Images.xcassets in Resources */,
			);
			runOnlyForDeploymentPostprocessing = 0;
		};
		4A8B9D341A282CB300EF7677 /* Resources */ = {
			isa = PBXResourcesBuildPhase;
			buildActionMask = 2147483647;
			files = (
			);
			runOnlyForDeploymentPostprocessing = 0;
		};
/* End PBXResourcesBuildPhase section */

/* Begin PBXSourcesBuildPhase section */
		4A8B9D181A282CB300EF7677 /* Sources */ = {
			isa = PBXSourcesBuildPhase;
			buildActionMask = 2147483647;
			files = (
				4A8B9D221A282CB300EF7677 /* AppDelegate.swift in Sources */,
				4A8B9D251A282CB300EF7677 /* DebugTest.xcdatamodeld in Sources */,
				4A8B9D271A282CB300EF7677 /* MasterViewController.swift in Sources */,
				4A8B9D291A282CB300EF7677 /* DetailViewController.swift in Sources */,
			);
			runOnlyForDeploymentPostprocessing = 0;
		};
		4A8B9D321A282CB300EF7677 /* Sources */ = {
			isa = PBXSourcesBuildPhase;
			buildActionMask = 2147483647;
			files = (
				4A8B9D3D1A282CB300EF7677 /* DebugTestTests.swift in Sources */,
				4A8B9D491A282F3E00EF7677 /* DebugMeTests.swift in Sources */,
				4A8B9D471A282E5500EF7677 /* DebugMe.swift in Sources */,
			);
			runOnlyForDeploymentPostprocessing = 0;
		};
/* End PBXSourcesBuildPhase section */

/* Begin PBXTargetDependency section */
		4A8B9D381A282CB300EF7677 /* PBXTargetDependency */ = {
			isa = PBXTargetDependency;
			target = 4A8B9D1B1A282CB300EF7677 /* DebugTest */;
			targetProxy = 4A8B9D371A282CB300EF7677 /* PBXContainerItemProxy */;
		};
/* End PBXTargetDependency section */

/* Begin PBXVariantGroup section */
		4A8B9D2A1A282CB300EF7677 /* Main.storyboard */ = {
			isa = PBXVariantGroup;
			children = (
				4A8B9D2B1A282CB300EF7677 /* Base */,
			);
			name = Main.storyboard;
			sourceTree = "<group>";
		};
		4A8B9D2F1A282CB300EF7677 /* LaunchScreen.xib */ = {
			isa = PBXVariantGroup;
			children = (
				4A8B9D301A282CB300EF7677 /* Base */,
			);
			name = LaunchScreen.xib;
			sourceTree = "<group>";
		};
/* End PBXVariantGroup section */

/* Begin XCBuildConfiguration section */
		4A8B9D3E1A282CB300EF7677 /* Debug */ = {
			isa = XCBuildConfiguration;
			buildSettings = {
				ALWAYS_SEARCH_USER_PATHS = NO;
				CLANG_CXX_LANGUAGE_STANDARD = "gnu++0x";
				CLANG_CXX_LIBRARY = "libc++";
				CLANG_ENABLE_MODULES = YES;
				CLANG_ENABLE_OBJC_ARC = YES;
				CLANG_WARN_BOOL_CONVERSION = YES;
				CLANG_WARN_CONSTANT_CONVERSION = YES;
				CLANG_WARN_DIRECT_OBJC_ISA_USAGE = YES_ERROR;
				CLANG_WARN_EMPTY_BODY = YES;
				CLANG_WARN_ENUM_CONVERSION = YES;
				CLANG_WARN_INT_CONVERSION = YES;
				CLANG_WARN_OBJC_ROOT_CLASS = YES_ERROR;
				CLANG_WARN_UNREACHABLE_CODE = YES;
				CLANG_WARN__DUPLICATE_METHOD_MATCH = YES;
				"CODE_SIGN_IDENTITY[sdk=iphoneos*]" = "iPhone Developer";
				COPY_PHASE_STRIP = NO;
				ENABLE_STRICT_OBJC_MSGSEND = YES;
				GCC_C_LANGUAGE_STANDARD = gnu99;
				GCC_DYNAMIC_NO_PIC = NO;
				GCC_OPTIMIZATION_LEVEL = 0;
				GCC_PREPROCESSOR_DEFINITIONS = (
					"DEBUG=1",
					"$(inherited)",
				);
				GCC_SYMBOLS_PRIVATE_EXTERN = NO;
				GCC_WARN_64_TO_32_BIT_CONVERSION = YES;
				GCC_WARN_ABOUT_RETURN_TYPE = YES_ERROR;
				GCC_WARN_UNDECLARED_SELECTOR = YES;
				GCC_WARN_UNINITIALIZED_AUTOS = YES_AGGRESSIVE;
				GCC_WARN_UNUSED_FUNCTION = YES;
				GCC_WARN_UNUSED_VARIABLE = YES;
				IPHONEOS_DEPLOYMENT_TARGET = 8.1;
				MTL_ENABLE_DEBUG_INFO = YES;
				ONLY_ACTIVE_ARCH = YES;
				SDKROOT = iphoneos;
				SWIFT_OPTIMIZATION_LEVEL = "-Onone";
			};
			name = Debug;
		};
		4A8B9D3F1A282CB300EF7677 /* Release */ = {
			isa = XCBuildConfiguration;
			buildSettings = {
				ALWAYS_SEARCH_USER_PATHS = NO;
				CLANG_CXX_LANGUAGE_STANDARD = "gnu++0x";
				CLANG_CXX_LIBRARY = "libc++";
				CLANG_ENABLE_MODULES = YES;
				CLANG_ENABLE_OBJC_ARC = YES;
				CLANG_WARN_BOOL_CONVERSION = YES;
				CLANG_WARN_CONSTANT_CONVERSION = YES;
				CLANG_WARN_DIRECT_OBJC_ISA_USAGE = YES_ERROR;
				CLANG_WARN_EMPTY_BODY = YES;
				CLANG_WARN_ENUM_CONVERSION = YES;
				CLANG_WARN_INT_CONVERSION = YES;
				CLANG_WARN_OBJC_ROOT_CLASS = YES_ERROR;
				CLANG_WARN_UNREACHABLE_CODE = YES;
				CLANG_WARN__DUPLICATE_METHOD_MATCH = YES;
				"CODE_SIGN_IDENTITY[sdk=iphoneos*]" = "iPhone Developer";
				COPY_PHASE_STRIP = YES;
				ENABLE_NS_ASSERTIONS = NO;
				ENABLE_STRICT_OBJC_MSGSEND = YES;
				GCC_C_LANGUAGE_STANDARD = gnu99;
				GCC_WARN_64_TO_32_BIT_CONVERSION = YES;
				GCC_WARN_ABOUT_RETURN_TYPE = YES_ERROR;
				GCC_WARN_UNDECLARED_SELECTOR = YES;
				GCC_WARN_UNINITIALIZED_AUTOS = YES_AGGRESSIVE;
				GCC_WARN_UNUSED_FUNCTION = YES;
				GCC_WARN_UNUSED_VARIABLE = YES;
				IPHONEOS_DEPLOYMENT_TARGET = 8.1;
				MTL_ENABLE_DEBUG_INFO = NO;
				SDKROOT = iphoneos;
				VALIDATE_PRODUCT = YES;
			};
			name = Release;
		};
		4A8B9D411A282CB300EF7677 /* Debug */ = {
			isa = XCBuildConfiguration;
			buildSettings = {
				ASSETCATALOG_COMPILER_APPICON_NAME = AppIcon;
				INFOPLIST_FILE = DebugTest/Info.plist;
				LD_RUNPATH_SEARCH_PATHS = "$(inherited) @executable_path/Frameworks";
				PRODUCT_NAME = "$(TARGET_NAME)";
			};
			name = Debug;
		};
		4A8B9D421A282CB300EF7677 /* Release */ = {
			isa = XCBuildConfiguration;
			buildSettings = {
				ASSETCATALOG_COMPILER_APPICON_NAME = AppIcon;
				INFOPLIST_FILE = DebugTest/Info.plist;
				LD_RUNPATH_SEARCH_PATHS = "$(inherited) @executable_path/Frameworks";
				PRODUCT_NAME = "$(TARGET_NAME)";
			};
			name = Release;
		};
		4A8B9D441A282CB300EF7677 /* Debug */ = {
			isa = XCBuildConfiguration;
			buildSettings = {
				BUNDLE_LOADER = "$(TEST_HOST)";
				FRAMEWORK_SEARCH_PATHS = (
					"$(SDKROOT)/Developer/Library/Frameworks",
					"$(inherited)",
				);
				GCC_PREPROCESSOR_DEFINITIONS = (
					"DEBUG=1",
					"$(inherited)",
				);
				INFOPLIST_FILE = DebugTestTests/Info.plist;
				LD_RUNPATH_SEARCH_PATHS = "$(inherited) @executable_path/Frameworks @loader_path/Frameworks";
				PRODUCT_NAME = "$(TARGET_NAME)";
				TEST_HOST = "$(BUILT_PRODUCTS_DIR)/DebugTest.app/DebugTest";
			};
			name = Debug;
		};
		4A8B9D451A282CB300EF7677 /* Release */ = {
			isa = XCBuildConfiguration;
			buildSettings = {
				BUNDLE_LOADER = "$(TEST_HOST)";
				FRAMEWORK_SEARCH_PATHS = (
					"$(SDKROOT)/Developer/Library/Frameworks",
					"$(inherited)",
				);
				INFOPLIST_FILE = DebugTestTests/Info.plist;
				LD_RUNPATH_SEARCH_PATHS = "$(inherited) @executable_path/Frameworks @loader_path/Frameworks";
				PRODUCT_NAME = "$(TARGET_NAME)";
				TEST_HOST = "$(BUILT_PRODUCTS_DIR)/DebugTest.app/DebugTest";
			};
			name = Release;
		};
/* End XCBuildConfiguration section */

/* Begin XCConfigurationList section */
		4A8B9D171A282CB300EF7677 /* Build configuration list for PBXProject "DebugTest" */ = {
			isa = XCConfigurationList;
			buildConfigurations = (
				4A8B9D3E1A282CB300EF7677 /* Debug */,
				4A8B9D3F1A282CB300EF7677 /* Release */,
			);
			defaultConfigurationIsVisible = 0;
			defaultConfigurationName = Release;
		};
		4A8B9D401A282CB300EF7677 /* Build configuration list for PBXNativeTarget "DebugTest" */ = {
			isa = XCConfigurationList;
			buildConfigurations = (
				4A8B9D411A282CB300EF7677 /* Debug */,
				4A8B9D421A282CB300EF7677 /* Release */,
			);
			defaultConfigurationIsVisible = 0;
		};
		4A8B9D431A282CB300EF7677 /* Build configuration list for PBXNativeTarget "DebugTestTests" */ = {
			isa = XCConfigurationList;
			buildConfigurations = (
				4A8B9D441A282CB300EF7677 /* Debug */,
				4A8B9D451A282CB300EF7677 /* Release */,
			);
			defaultConfigurationIsVisible = 0;
		};
/* End XCConfigurationList section */

/* Begin XCVersionGroup section */
		4A8B9D231A282CB300EF7677 /* DebugTest.xcdatamodeld */ = {
			isa = XCVersionGroup;
			children = (
				4A8B9D241A282CB300EF7677 /* DebugTest.xcdatamodel */,
			);
			currentVersion = 4A8B9D241A282CB300EF7677 /* DebugTest.xcdatamodel */;
			path = DebugTest.xcdatamodeld;
			sourceTree = "<group>";
			versionGroupType = wrapper.xcdatamodel;
		};
/* End XCVersionGroup section */
	};
	rootObject = 4A8B9D141A282CB300EF7677 /* Project object */;
}
